
Microsoft Visual Studio Solution File, Format Version 12.00
# Visual Studio Version 17
VisualStudioVersion = 17.4.33403.182
MinimumVisualStudioVersion = 10.0.40219.1
Project("{FAE04EC0-301F-11D3-BF4B-00C04F79EFBC}") = "CalcFuel", "CalcFuel\CalcFuel.csproj", "{C914D684-6C18-4974-A903-0E6157E129D4}"
EndProject
Global
	GlobalSection(SolutionConfigurationPlatforms) = preSolution
		Debug|Any CPU = Debug|Any CPU
		Release|Any CPU = Release|Any CPU
	EndGlobalSection
	GlobalSection(ProjectConfigurationPlatforms) = postSolution
		{C914D684-6C18-4974-A903-0E6157E129D4}.Debug|Any CPU.ActiveCfg = Debug|Any CPU
		{C914D684-6C18-4974-A903-0E6157E129D4}.Debug|Any CPU.Build.0 = Debug|Any CPU
		{C914D684-6C18-4974-A903-0E6157E129D4}.Release|Any CPU.ActiveCfg = Release|Any CPU
		{C914D684-6C18-4974-A903-0E6157E129D4}.Release|Any CPU.Build.0 = Release|Any CPU
	EndGlobalSection
	GlobalSection(SolutionProperties) = preSolution
		HideSolutionNode = FALSE
	EndGlobalSection
	GlobalSection(ExtensibilityGlobals) = postSolution
		SolutionGuid = {631CB711-D3BB-4A59-A98A-82BD683D5F4E}
	EndGlobalSection
EndGlobal
